
Microsoft Visual Studio Solution File, Format Version 12.00
# Visual Studio Version 16
VisualStudioVersion = 16.0.30225.117
MinimumVisualStudioVersion = 10.0.40219.1
Project("{9A19103F-16F7-4668-BE54-9A1E7A4F7556}") = "SmileBot", "src\SmileBot\SmileBot.csproj", "{AC6114E2-95B6-4AAF-9089-89651A57BF04}"
EndProject
Project("{FAE04EC0-301F-11D3-BF4B-00C04F79EFBC}") = "SmileBot.Core", "SmileBot.Core\SmileBot.Core.csproj", "{25332744-0FF3-402D-81A9-89D824D4D6C9}"
EndProject
Global
	GlobalSection(SolutionConfigurationPlatforms) = preSolution
		Debug|Any CPU = Debug|Any CPU
		Release|Any CPU = Release|Any CPU
	EndGlobalSection
	GlobalSection(ProjectConfigurationPlatforms) = postSolution
		{AC6114E2-95B6-4AAF-9089-89651A57BF04}.Debug|Any CPU.ActiveCfg = Debug|Any CPU
		{AC6114E2-95B6-4AAF-9089-89651A57BF04}.Debug|Any CPU.Build.0 = Debug|Any CPU
		{AC6114E2-95B6-4AAF-9089-89651A57BF04}.Release|Any CPU.ActiveCfg = Release|Any CPU
		{AC6114E2-95B6-4AAF-9089-89651A57BF04}.Release|Any CPU.Build.0 = Release|Any CPU
		{25332744-0FF3-402D-81A9-89D824D4D6C9}.Debug|Any CPU.ActiveCfg = Debug|Any CPU
		{25332744-0FF3-402D-81A9-89D824D4D6C9}.Debug|Any CPU.Build.0 = Debug|Any CPU
		{25332744-0FF3-402D-81A9-89D824D4D6C9}.Release|Any CPU.ActiveCfg = Release|Any CPU
		{25332744-0FF3-402D-81A9-89D824D4D6C9}.Release|Any CPU.Build.0 = Release|Any CPU
	EndGlobalSection
	GlobalSection(SolutionProperties) = preSolution
		HideSolutionNode = FALSE
	EndGlobalSection
	GlobalSection(ExtensibilityGlobals) = postSolution
		SolutionGuid = {61915673-CA06-45B3-8C71-857360A1E705}
	EndGlobalSection
EndGlobal
